// !$*UTF8*$!
{
	archiveVersion = 1;
	classes = {
	};
	objectVersion = 56;
	objects = {

/* Begin PBXBuildFile section */
		C20B5E3F2B87669C00AC0815 /* PersonView.swift in Sources */ = {isa = PBXBuildFile; fileRef = C20B5E3E2B87669C00AC0815 /* PersonView.swift */; };
		C20B5E412B8766ED00AC0815 /* PersonViewModel.swift in Sources */ = {isa = PBXBuildFile; fileRef = C20B5E402B8766ED00AC0815 /* PersonViewModel.swift */; };
		C2148F5D2A88C570006B0187 /* DirectoryApp.swift in Sources */ = {isa = PBXBuildFile; fileRef = C2148F5C2A88C570006B0187 /* DirectoryApp.swift */; };
		C2148F5F2A88C570006B0187 /* ContentView.swift in Sources */ = {isa = PBXBuildFile; fileRef = C2148F5E2A88C570006B0187 /* ContentView.swift */; };
		C2148F612A88C572006B0187 /* Assets.xcassets in Resources */ = {isa = PBXBuildFile; fileRef = C2148F602A88C572006B0187 /* Assets.xcassets */; };
		C2148F642A88C572006B0187 /* Preview Assets.xcassets in Resources */ = {isa = PBXBuildFile; fileRef = C2148F632A88C572006B0187 /* Preview Assets.xcassets */; };
		C2148F6B2A88C99A006B0187 /* PeopleView.swift in Sources */ = {isa = PBXBuildFile; fileRef = C2148F6A2A88C99A006B0187 /* PeopleView.swift */; };
		C2148F6D2A88C9A2006B0187 /* RoomsView.swift in Sources */ = {isa = PBXBuildFile; fileRef = C2148F6C2A88C9A2006B0187 /* RoomsView.swift */; };
		C2148F6F2A88CA45006B0187 /* Localizable.strings in Resources */ = {isa = PBXBuildFile; fileRef = C2148F6E2A88CA45006B0187 /* Localizable.strings */; };
		C2148F712A88CB8E006B0187 /* PeopleViewModel.swift in Sources */ = {isa = PBXBuildFile; fileRef = C2148F702A88CB8E006B0187 /* PeopleViewModel.swift */; };
		C2148F732A88CBB5006B0187 /* Models.swift in Sources */ = {isa = PBXBuildFile; fileRef = C2148F722A88CBB5006B0187 /* Models.swift */; };
		C2148F752A88CC93006B0187 /* Networking.swift in Sources */ = {isa = PBXBuildFile; fileRef = C2148F742A88CC93006B0187 /* Networking.swift */; };
		C2148F792A88D19A006B0187 /* Constants.swift in Sources */ = {isa = PBXBuildFile; fileRef = C2148F782A88D19A006B0187 /* Constants.swift */; };
		C2148F7D2A88EAEE006B0187 /* RoomsViewModel.swift in Sources */ = {isa = PBXBuildFile; fileRef = C2148F7C2A88EAEE006B0187 /* RoomsViewModel.swift */; };
		C2148F822A88F824006B0187 /* RoomTextView.swift in Sources */ = {isa = PBXBuildFile; fileRef = C2148F812A88F824006B0187 /* RoomTextView.swift */; };
		C2148F842A88FB60006B0187 /* SplashView.swift in Sources */ = {isa = PBXBuildFile; fileRef = C2148F832A88FB60006B0187 /* SplashView.swift */; };
		C2148F862A8915D7006B0187 /* PersonDetailView.swift in Sources */ = {isa = PBXBuildFile; fileRef = C2148F852A8915D7006B0187 /* PersonDetailView.swift */; };
		C2150A7B2ADD90430068A0DF /* PeopleViewModel.swift in Sources */ = {isa = PBXBuildFile; fileRef = C2148F702A88CB8E006B0187 /* PeopleViewModel.swift */; };
		C2254D4E2A891E9600E7001B /* PersonTextView.swift in Sources */ = {isa = PBXBuildFile; fileRef = C2254D4D2A891E9600E7001B /* PersonTextView.swift */; };
		C2254D502A89236900E7001B /* String+Extensions.swift in Sources */ = {isa = PBXBuildFile; fileRef = C2254D4F2A89236900E7001B /* String+Extensions.swift */; };
		C2254D582A893BE000E7001B /* README.md in Resources */ = {isa = PBXBuildFile; fileRef = C2254D572A893BE000E7001B /* README.md */; };
		C2669C8B2A96AF750047F9E1 /* DirectoryTests.swift in Sources */ = {isa = PBXBuildFile; fileRef = C2669C8A2A96AF750047F9E1 /* DirectoryTests.swift */; };
		C2FE790B2AA71E3C000C8137 /* View+Extensions.swift in Sources */ = {isa = PBXBuildFile; fileRef = C2FE790A2AA71E3C000C8137 /* View+Extensions.swift */; };
/* End PBXBuildFile section */

/* Begin PBXContainerItemProxy section */
		C2669C8C2A96AF750047F9E1 /* PBXContainerItemProxy */ = {
			isa = PBXContainerItemProxy;
			containerPortal = C2148F512A88C570006B0187 /* Project object */;
			proxyType = 1;
			remoteGlobalIDString = C2148F582A88C570006B0187;
			remoteInfo = Directory;
		};
/* End PBXContainerItemProxy section */

/* Begin PBXFileReference section */
		C20B5E3E2B87669C00AC0815 /* PersonView.swift */ = {isa = PBXFileReference; lastKnownFileType = sourcecode.swift; path = PersonView.swift; sourceTree = "<group>"; };
		C20B5E402B8766ED00AC0815 /* PersonViewModel.swift */ = {isa = PBXFileReference; lastKnownFileType = sourcecode.swift; path = PersonViewModel.swift; sourceTree = "<group>"; };
		C2148F592A88C570006B0187 /* Directory.app */ = {isa = PBXFileReference; explicitFileType = wrapper.application; includeInIndex = 0; path = Directory.app; sourceTree = BUILT_PRODUCTS_DIR; };
		C2148F5C2A88C570006B0187 /* DirectoryApp.swift */ = {isa = PBXFileReference; lastKnownFileType = sourcecode.swift; path = DirectoryApp.swift; sourceTree = "<group>"; };
		C2148F5E2A88C570006B0187 /* ContentView.swift */ = {isa = PBXFileReference; lastKnownFileType = sourcecode.swift; path = ContentView.swift; sourceTree = "<group>"; };
		C2148F602A88C572006B0187 /* Assets.xcassets */ = {isa = PBXFileReference; lastKnownFileType = folder.assetcatalog; path = Assets.xcassets; sourceTree = "<group>"; };
		C2148F632A88C572006B0187 /* Preview Assets.xcassets */ = {isa = PBXFileReference; lastKnownFileType = folder.assetcatalog; path = "Preview Assets.xcassets"; sourceTree = "<group>"; };
		C2148F6A2A88C99A006B0187 /* PeopleView.swift */ = {isa = PBXFileReference; lastKnownFileType = sourcecode.swift; path = PeopleView.swift; sourceTree = "<group>"; };
		C2148F6C2A88C9A2006B0187 /* RoomsView.swift */ = {isa = PBXFileReference; lastKnownFileType = sourcecode.swift; path = RoomsView.swift; sourceTree = "<group>"; };
		C2148F6E2A88CA45006B0187 /* Localizable.strings */ = {isa = PBXFileReference; lastKnownFileType = text.plist.strings; path = Localizable.strings; sourceTree = "<group>"; };
		C2148F702A88CB8E006B0187 /* PeopleViewModel.swift */ = {isa = PBXFileReference; lastKnownFileType = sourcecode.swift; path = PeopleViewModel.swift; sourceTree = "<group>"; };
		C2148F722A88CBB5006B0187 /* Models.swift */ = {isa = PBXFileReference; lastKnownFileType = sourcecode.swift; path = Models.swift; sourceTree = "<group>"; };
		C2148F742A88CC93006B0187 /* Networking.swift */ = {isa = PBXFileReference; lastKnownFileType = sourcecode.swift; path = Networking.swift; sourceTree = "<group>"; };
		C2148F782A88D19A006B0187 /* Constants.swift */ = {isa = PBXFileReference; lastKnownFileType = sourcecode.swift; path = Constants.swift; sourceTree = "<group>"; };
		C2148F7C2A88EAEE006B0187 /* RoomsViewModel.swift */ = {isa = PBXFileReference; lastKnownFileType = sourcecode.swift; path = RoomsViewModel.swift; sourceTree = "<group>"; };
		C2148F812A88F824006B0187 /* RoomTextView.swift */ = {isa = PBXFileReference; lastKnownFileType = sourcecode.swift; path = RoomTextView.swift; sourceTree = "<group>"; };
		C2148F832A88FB60006B0187 /* SplashView.swift */ = {isa = PBXFileReference; lastKnownFileType = sourcecode.swift; path = SplashView.swift; sourceTree = "<group>"; };
		C2148F852A8915D7006B0187 /* PersonDetailView.swift */ = {isa = PBXFileReference; lastKnownFileType = sourcecode.swift; path = PersonDetailView.swift; sourceTree = "<group>"; };
		C2254D4D2A891E9600E7001B /* PersonTextView.swift */ = {isa = PBXFileReference; lastKnownFileType = sourcecode.swift; path = PersonTextView.swift; sourceTree = "<group>"; };
		C2254D4F2A89236900E7001B /* String+Extensions.swift */ = {isa = PBXFileReference; lastKnownFileType = sourcecode.swift; path = "String+Extensions.swift"; sourceTree = "<group>"; };
		C2254D572A893BE000E7001B /* README.md */ = {isa = PBXFileReference; fileEncoding = 4; lastKnownFileType = net.daringfireball.markdown; path = README.md; sourceTree = SOURCE_ROOT; };
		C2669C882A96AF750047F9E1 /* DirectoryTests.xctest */ = {isa = PBXFileReference; explicitFileType = wrapper.cfbundle; includeInIndex = 0; path = DirectoryTests.xctest; sourceTree = BUILT_PRODUCTS_DIR; };
		C2669C8A2A96AF750047F9E1 /* DirectoryTests.swift */ = {isa = PBXFileReference; lastKnownFileType = sourcecode.swift; path = DirectoryTests.swift; sourceTree = "<group>"; };
		C2FE790A2AA71E3C000C8137 /* View+Extensions.swift */ = {isa = PBXFileReference; lastKnownFileType = sourcecode.swift; path = "View+Extensions.swift"; sourceTree = "<group>"; };
/* End PBXFileReference section */

/* Begin PBXFrameworksBuildPhase section */
		C2148F562A88C570006B0187 /* Frameworks */ = {
			isa = PBXFrameworksBuildPhase;
			buildActionMask = 2147483647;
			files = (
			);
			runOnlyForDeploymentPostprocessing = 0;
		};
		C2669C852A96AF750047F9E1 /* Frameworks */ = {
			isa = PBXFrameworksBuildPhase;
			buildActionMask = 2147483647;
			files = (
			);
			runOnlyForDeploymentPostprocessing = 0;
		};
/* End PBXFrameworksBuildPhase section */

/* Begin PBXGroup section */
		C20B5E422B8769B700AC0815 /* PersonView */ = {
			isa = PBXGroup;
			children = (
				C20B5E402B8766ED00AC0815 /* PersonViewModel.swift */,
				C20B5E3E2B87669C00AC0815 /* PersonView.swift */,
			);
			path = PersonView;
			sourceTree = "<group>";
		};
		C2148F502A88C570006B0187 = {
			isa = PBXGroup;
			children = (
				C2148F5B2A88C570006B0187 /* Directory */,
				C2669C892A96AF750047F9E1 /* DirectoryTests */,
				C2148F5A2A88C570006B0187 /* Products */,
			);
			sourceTree = "<group>";
		};
		C2148F5A2A88C570006B0187 /* Products */ = {
			isa = PBXGroup;
			children = (
				C2148F592A88C570006B0187 /* Directory.app */,
				C2669C882A96AF750047F9E1 /* DirectoryTests.xctest */,
			);
			name = Products;
			sourceTree = "<group>";
		};
		C2148F5B2A88C570006B0187 /* Directory */ = {
			isa = PBXGroup;
			children = (
				C2148F5C2A88C570006B0187 /* DirectoryApp.swift */,
				C2254D512A89366600E7001B /* Utilities */,
				C2148F5E2A88C570006B0187 /* ContentView.swift */,
				C2148F832A88FB60006B0187 /* SplashView.swift */,
				C2148F7A2A88EAD3006B0187 /* People */,
				C20B5E422B8769B700AC0815 /* PersonView */,
				C2254D522A89368900E7001B /* PersonDetailView */,
				C2148F7B2A88EADF006B0187 /* Rooms */,
				C2148F802A88F81A006B0187 /* Custom Views */,
				C2148F722A88CBB5006B0187 /* Models.swift */,
				C2148F742A88CC93006B0187 /* Networking.swift */,
				C2148F6E2A88CA45006B0187 /* Localizable.strings */,
				C2148F602A88C572006B0187 /* Assets.xcassets */,
				C2254D572A893BE000E7001B /* README.md */,
				C2148F622A88C572006B0187 /* Preview Content */,
			);
			path = Directory;
			sourceTree = "<group>";
		};
		C2148F622A88C572006B0187 /* Preview Content */ = {
			isa = PBXGroup;
			children = (
				C2148F632A88C572006B0187 /* Preview Assets.xcassets */,
			);
			path = "Preview Content";
			sourceTree = "<group>";
		};
		C2148F7A2A88EAD3006B0187 /* People */ = {
			isa = PBXGroup;
			children = (
				C2148F6A2A88C99A006B0187 /* PeopleView.swift */,
				C2148F702A88CB8E006B0187 /* PeopleViewModel.swift */,
			);
			path = People;
			sourceTree = "<group>";
		};
		C2148F7B2A88EADF006B0187 /* Rooms */ = {
			isa = PBXGroup;
			children = (
				C2148F6C2A88C9A2006B0187 /* RoomsView.swift */,
				C2148F7C2A88EAEE006B0187 /* RoomsViewModel.swift */,
			);
			path = Rooms;
			sourceTree = "<group>";
		};
		C2148F802A88F81A006B0187 /* Custom Views */ = {
			isa = PBXGroup;
			children = (
				C2148F812A88F824006B0187 /* RoomTextView.swift */,
				C2254D4D2A891E9600E7001B /* PersonTextView.swift */,
			);
			path = "Custom Views";
			sourceTree = "<group>";
		};
		C2254D512A89366600E7001B /* Utilities */ = {
			isa = PBXGroup;
			children = (
				C2148F782A88D19A006B0187 /* Constants.swift */,
				C2254D4F2A89236900E7001B /* String+Extensions.swift */,
				C2FE790A2AA71E3C000C8137 /* View+Extensions.swift */,
			);
			path = Utilities;
			sourceTree = "<group>";
		};
		C2254D522A89368900E7001B /* PersonDetailView */ = {
			isa = PBXGroup;
			children = (
				C2148F852A8915D7006B0187 /* PersonDetailView.swift */,
			);
			path = PersonDetailView;
			sourceTree = "<group>";
		};
		C2669C892A96AF750047F9E1 /* DirectoryTests */ = {
			isa = PBXGroup;
			children = (
				C2669C8A2A96AF750047F9E1 /* DirectoryTests.swift */,
			);
			path = DirectoryTests;
			sourceTree = "<group>";
		};
/* End PBXGroup section */

/* Begin PBXNativeTarget section */
		C2148F582A88C570006B0187 /* Directory */ = {
			isa = PBXNativeTarget;
			buildConfigurationList = C2148F672A88C572006B0187 /* Build configuration list for PBXNativeTarget "Directory" */;
			buildPhases = (
				C2148F552A88C570006B0187 /* Sources */,
				C2148F562A88C570006B0187 /* Frameworks */,
				C2148F572A88C570006B0187 /* Resources */,
			);
			buildRules = (
			);
			dependencies = (
			);
			name = Directory;
			productName = Directory;
			productReference = C2148F592A88C570006B0187 /* Directory.app */;
			productType = "com.apple.product-type.application";
		};
		C2669C872A96AF750047F9E1 /* DirectoryTests */ = {
			isa = PBXNativeTarget;
			buildConfigurationList = C2669C902A96AF750047F9E1 /* Build configuration list for PBXNativeTarget "DirectoryTests" */;
			buildPhases = (
				C2669C842A96AF750047F9E1 /* Sources */,
				C2669C852A96AF750047F9E1 /* Frameworks */,
				C2669C862A96AF750047F9E1 /* Resources */,
			);
			buildRules = (
			);
			dependencies = (
				C2669C8D2A96AF750047F9E1 /* PBXTargetDependency */,
			);
			name = DirectoryTests;
			productName = DirectoryTests;
			productReference = C2669C882A96AF750047F9E1 /* DirectoryTests.xctest */;
			productType = "com.apple.product-type.bundle.unit-test";
		};
/* End PBXNativeTarget section */

/* Begin PBXProject section */
		C2148F512A88C570006B0187 /* Project object */ = {
			isa = PBXProject;
			attributes = {
				BuildIndependentTargetsInParallel = 1;
				LastSwiftUpdateCheck = 1430;
				LastUpgradeCheck = 1500;
				TargetAttributes = {
					C2148F582A88C570006B0187 = {
						CreatedOnToolsVersion = 14.3.1;
					};
					C2669C872A96AF750047F9E1 = {
						CreatedOnToolsVersion = 14.3.1;
						TestTargetID = C2148F582A88C570006B0187;
					};
				};
			};
			buildConfigurationList = C2148F542A88C570006B0187 /* Build configuration list for PBXProject "Directory" */;
			compatibilityVersion = "Xcode 14.0";
			developmentRegion = en;
			hasScannedForEncodings = 0;
			knownRegions = (
				en,
				Base,
			);
			mainGroup = C2148F502A88C570006B0187;
			packageReferences = (
				C20D73252C5C1B3E008252DE /* XCRemoteSwiftPackageReference "swift-concurrency-extras" */,
			);
			productRefGroup = C2148F5A2A88C570006B0187 /* Products */;
			projectDirPath = "";
			projectRoot = "";
			targets = (
				C2148F582A88C570006B0187 /* Directory */,
				C2669C872A96AF750047F9E1 /* DirectoryTests */,
			);
		};
/* End PBXProject section */

/* Begin PBXResourcesBuildPhase section */
		C2148F572A88C570006B0187 /* Resources */ = {
			isa = PBXResourcesBuildPhase;
			buildActionMask = 2147483647;
			files = (
				C2148F642A88C572006B0187 /* Preview Assets.xcassets in Resources */,
				C2148F6F2A88CA45006B0187 /* Localizable.strings in Resources */,
				C2254D582A893BE000E7001B /* README.md in Resources */,
				C2148F612A88C572006B0187 /* Assets.xcassets in Resources */,
			);
			runOnlyForDeploymentPostprocessing = 0;
		};
		C2669C862A96AF750047F9E1 /* Resources */ = {
			isa = PBXResourcesBuildPhase;
			buildActionMask = 2147483647;
			files = (
			);
			runOnlyForDeploymentPostprocessing = 0;
		};
/* End PBXResourcesBuildPhase section */

/* Begin PBXSourcesBuildPhase section */
		C2148F552A88C570006B0187 /* Sources */ = {
			isa = PBXSourcesBuildPhase;
			buildActionMask = 2147483647;
			files = (
				C2148F732A88CBB5006B0187 /* Models.swift in Sources */,
				C2148F5F2A88C570006B0187 /* ContentView.swift in Sources */,
				C2254D4E2A891E9600E7001B /* PersonTextView.swift in Sources */,
				C2148F6D2A88C9A2006B0187 /* RoomsView.swift in Sources */,
				C20B5E412B8766ED00AC0815 /* PersonViewModel.swift in Sources */,
				C2148F5D2A88C570006B0187 /* DirectoryApp.swift in Sources */,
				C2148F862A8915D7006B0187 /* PersonDetailView.swift in Sources */,
				C2148F712A88CB8E006B0187 /* PeopleViewModel.swift in Sources */,
				C2148F842A88FB60006B0187 /* SplashView.swift in Sources */,
				C2148F6B2A88C99A006B0187 /* PeopleView.swift in Sources */,
				C2148F752A88CC93006B0187 /* Networking.swift in Sources */,
				C2254D502A89236900E7001B /* String+Extensions.swift in Sources */,
				C2148F792A88D19A006B0187 /* Constants.swift in Sources */,
				C2148F822A88F824006B0187 /* RoomTextView.swift in Sources */,
				C20B5E3F2B87669C00AC0815 /* PersonView.swift in Sources */,
				C2FE790B2AA71E3C000C8137 /* View+Extensions.swift in Sources */,
				C2148F7D2A88EAEE006B0187 /* RoomsViewModel.swift in Sources */,
			);
			runOnlyForDeploymentPostprocessing = 0;
		};
		C2669C842A96AF750047F9E1 /* Sources */ = {
			isa = PBXSourcesBuildPhase;
			buildActionMask = 2147483647;
			files = (
				C2669C8B2A96AF750047F9E1 /* DirectoryTests.swift in Sources */,
				C2150A7B2ADD90430068A0DF /* PeopleViewModel.swift in Sources */,
			);
			runOnlyForDeploymentPostprocessing = 0;
		};
/* End PBXSourcesBuildPhase section */

/* Begin PBXTargetDependency section */
		C2669C8D2A96AF750047F9E1 /* PBXTargetDependency */ = {
			isa = PBXTargetDependency;
			target = C2148F582A88C570006B0187 /* Directory */;
			targetProxy = C2669C8C2A96AF750047F9E1 /* PBXContainerItemProxy */;
		};
/* End PBXTargetDependency section */

/* Begin XCBuildConfiguration section */
		C2148F652A88C572006B0187 /* Debug */ = {
			isa = XCBuildConfiguration;
			buildSettings = {
				ALWAYS_SEARCH_USER_PATHS = NO;
				CLANG_ANALYZER_NONNULL = YES;
				CLANG_ANALYZER_NUMBER_OBJECT_CONVERSION = YES_AGGRESSIVE;
				CLANG_CXX_LANGUAGE_STANDARD = "gnu++20";
				CLANG_ENABLE_MODULES = YES;
				CLANG_ENABLE_OBJC_ARC = YES;
				CLANG_ENABLE_OBJC_WEAK = YES;
				CLANG_WARN_BLOCK_CAPTURE_AUTORELEASING = YES;
				CLANG_WARN_BOOL_CONVERSION = YES;
				CLANG_WARN_COMMA = YES;
				CLANG_WARN_CONSTANT_CONVERSION = YES;
				CLANG_WARN_DEPRECATED_OBJC_IMPLEMENTATIONS = YES;
				CLANG_WARN_DIRECT_OBJC_ISA_USAGE = YES_ERROR;
				CLANG_WARN_DOCUMENTATION_COMMENTS = YES;
				CLANG_WARN_EMPTY_BODY = YES;
				CLANG_WARN_ENUM_CONVERSION = YES;
				CLANG_WARN_INFINITE_RECURSION = YES;
				CLANG_WARN_INT_CONVERSION = YES;
				CLANG_WARN_NON_LITERAL_NULL_CONVERSION = YES;
				CLANG_WARN_OBJC_IMPLICIT_RETAIN_SELF = YES;
				CLANG_WARN_OBJC_LITERAL_CONVERSION = YES;
				CLANG_WARN_OBJC_ROOT_CLASS = YES_ERROR;
				CLANG_WARN_QUOTED_INCLUDE_IN_FRAMEWORK_HEADER = YES;
				CLANG_WARN_RANGE_LOOP_ANALYSIS = YES;
				CLANG_WARN_STRICT_PROTOTYPES = YES;
				CLANG_WARN_SUSPICIOUS_MOVE = YES;
				CLANG_WARN_UNGUARDED_AVAILABILITY = YES_AGGRESSIVE;
				CLANG_WARN_UNREACHABLE_CODE = YES;
				CLANG_WARN__DUPLICATE_METHOD_MATCH = YES;
				COPY_PHASE_STRIP = NO;
				DEBUG_INFORMATION_FORMAT = dwarf;
				ENABLE_STRICT_OBJC_MSGSEND = YES;
				ENABLE_TESTABILITY = YES;
				ENABLE_USER_SCRIPT_SANDBOXING = YES;
				GCC_C_LANGUAGE_STANDARD = gnu11;
				GCC_DYNAMIC_NO_PIC = NO;
				GCC_NO_COMMON_BLOCKS = YES;
				GCC_OPTIMIZATION_LEVEL = 0;
				GCC_PREPROCESSOR_DEFINITIONS = (
					"DEBUG=1",
					"$(inherited)",
				);
				GCC_WARN_64_TO_32_BIT_CONVERSION = YES;
				GCC_WARN_ABOUT_RETURN_TYPE = YES_ERROR;
				GCC_WARN_UNDECLARED_SELECTOR = YES;
				GCC_WARN_UNINITIALIZED_AUTOS = YES_AGGRESSIVE;
				GCC_WARN_UNUSED_FUNCTION = YES;
				GCC_WARN_UNUSED_VARIABLE = YES;
				IPHONEOS_DEPLOYMENT_TARGET = 17.0;
				MTL_ENABLE_DEBUG_INFO = INCLUDE_SOURCE;
				MTL_FAST_MATH = YES;
				ONLY_ACTIVE_ARCH = YES;
				SDKROOT = iphoneos;
				SWIFT_ACTIVE_COMPILATION_CONDITIONS = DEBUG;
				SWIFT_OPTIMIZATION_LEVEL = "-Onone";
			};
			name = Debug;
		};
		C2148F662A88C572006B0187 /* Release */ = {
			isa = XCBuildConfiguration;
			buildSettings = {
				ALWAYS_SEARCH_USER_PATHS = NO;
				CLANG_ANALYZER_NONNULL = YES;
				CLANG_ANALYZER_NUMBER_OBJECT_CONVERSION = YES_AGGRESSIVE;
				CLANG_CXX_LANGUAGE_STANDARD = "gnu++20";
				CLANG_ENABLE_MODULES = YES;
				CLANG_ENABLE_OBJC_ARC = YES;
				CLANG_ENABLE_OBJC_WEAK = YES;
				CLANG_WARN_BLOCK_CAPTURE_AUTORELEASING = YES;
				CLANG_WARN_BOOL_CONVERSION = YES;
				CLANG_WARN_COMMA = YES;
				CLANG_WARN_CONSTANT_CONVERSION = YES;
				CLANG_WARN_DEPRECATED_OBJC_IMPLEMENTATIONS = YES;
				CLANG_WARN_DIRECT_OBJC_ISA_USAGE = YES_ERROR;
				CLANG_WARN_DOCUMENTATION_COMMENTS = YES;
				CLANG_WARN_EMPTY_BODY = YES;
				CLANG_WARN_ENUM_CONVERSION = YES;
				CLANG_WARN_INFINITE_RECURSION = YES;
				CLANG_WARN_INT_CONVERSION = YES;
				CLANG_WARN_NON_LITERAL_NULL_CONVERSION = YES;
				CLANG_WARN_OBJC_IMPLICIT_RETAIN_SELF = YES;
				CLANG_WARN_OBJC_LITERAL_CONVERSION = YES;
				CLANG_WARN_OBJC_ROOT_CLASS = YES_ERROR;
				CLANG_WARN_QUOTED_INCLUDE_IN_FRAMEWORK_HEADER = YES;
				CLANG_WARN_RANGE_LOOP_ANALYSIS = YES;
				CLANG_WARN_STRICT_PROTOTYPES = YES;
				CLANG_WARN_SUSPICIOUS_MOVE = YES;
				CLANG_WARN_UNGUARDED_AVAILABILITY = YES_AGGRESSIVE;
				CLANG_WARN_UNREACHABLE_CODE = YES;
				CLANG_WARN__DUPLICATE_METHOD_MATCH = YES;
				COPY_PHASE_STRIP = NO;
				DEBUG_INFORMATION_FORMAT = "dwarf-with-dsym";
				ENABLE_NS_ASSERTIONS = NO;
				ENABLE_STRICT_OBJC_MSGSEND = YES;
				ENABLE_USER_SCRIPT_SANDBOXING = YES;
				GCC_C_LANGUAGE_STANDARD = gnu11;
				GCC_NO_COMMON_BLOCKS = YES;
				GCC_WARN_64_TO_32_BIT_CONVERSION = YES;
				GCC_WARN_ABOUT_RETURN_TYPE = YES_ERROR;
				GCC_WARN_UNDECLARED_SELECTOR = YES;
				GCC_WARN_UNINITIALIZED_AUTOS = YES_AGGRESSIVE;
				GCC_WARN_UNUSED_FUNCTION = YES;
				GCC_WARN_UNUSED_VARIABLE = YES;
				IPHONEOS_DEPLOYMENT_TARGET = 17.0;
				MTL_ENABLE_DEBUG_INFO = NO;
				MTL_FAST_MATH = YES;
				SDKROOT = iphoneos;
				SWIFT_COMPILATION_MODE = wholemodule;
				SWIFT_OPTIMIZATION_LEVEL = "-O";
				VALIDATE_PRODUCT = YES;
			};
			name = Release;
		};
		C2148F682A88C572006B0187 /* Debug */ = {
			isa = XCBuildConfiguration;
			buildSettings = {
				ASSETCATALOG_COMPILER_APPICON_NAME = AppIcon;
				ASSETCATALOG_COMPILER_GLOBAL_ACCENT_COLOR_NAME = AccentColor;
				CODE_SIGN_STYLE = Automatic;
				CURRENT_PROJECT_VERSION = 1;
				DEVELOPMENT_ASSET_PATHS = "\"Directory/Preview Content\"";
				DEVELOPMENT_TEAM = VYAJJN8S73;
				ENABLE_PREVIEWS = YES;
				GENERATE_INFOPLIST_FILE = YES;
				INFOPLIST_KEY_UIApplicationSceneManifest_Generation = YES;
				INFOPLIST_KEY_UIApplicationSupportsIndirectInputEvents = YES;
				INFOPLIST_KEY_UILaunchScreen_Generation = YES;
				INFOPLIST_KEY_UISupportedInterfaceOrientations_iPad = "UIInterfaceOrientationPortrait UIInterfaceOrientationPortraitUpsideDown UIInterfaceOrientationLandscapeLeft UIInterfaceOrientationLandscapeRight";
				INFOPLIST_KEY_UISupportedInterfaceOrientations_iPhone = "UIInterfaceOrientationPortrait UIInterfaceOrientationLandscapeLeft UIInterfaceOrientationLandscapeRight";
				IPHONEOS_DEPLOYMENT_TARGET = 17.0;
				LD_RUNPATH_SEARCH_PATHS = (
					"$(inherited)",
					"@executable_path/Frameworks",
				);
				MARKETING_VERSION = 1.0;
				PRODUCT_BUNDLE_IDENTIFIER = com.vivekios.Directory;
				PRODUCT_NAME = "$(TARGET_NAME)";
				SWIFT_EMIT_LOC_STRINGS = YES;
				SWIFT_VERSION = 5.0;
				TARGETED_DEVICE_FAMILY = "1,2";
			};
			name = Debug;
		};
		C2148F692A88C572006B0187 /* Release */ = {
			isa = XCBuildConfiguration;
			buildSettings = {
				ASSETCATALOG_COMPILER_APPICON_NAME = AppIcon;
				ASSETCATALOG_COMPILER_GLOBAL_ACCENT_COLOR_NAME = AccentColor;
				CODE_SIGN_STYLE = Automatic;
				CURRENT_PROJECT_VERSION = 1;
				DEVELOPMENT_ASSET_PATHS = "\"Directory/Preview Content\"";
				DEVELOPMENT_TEAM = VYAJJN8S73;
				ENABLE_PREVIEWS = YES;
				GENERATE_INFOPLIST_FILE = YES;
				INFOPLIST_KEY_UIApplicationSceneManifest_Generation = YES;
				INFOPLIST_KEY_UIApplicationSupportsIndirectInputEvents = YES;
				INFOPLIST_KEY_UILaunchScreen_Generation = YES;
				INFOPLIST_KEY_UISupportedInterfaceOrientations_iPad = "UIInterfaceOrientationPortrait UIInterfaceOrientationPortraitUpsideDown UIInterfaceOrientationLandscapeLeft UIInterfaceOrientationLandscapeRight";
				INFOPLIST_KEY_UISupportedInterfaceOrientations_iPhone = "UIInterfaceOrientationPortrait UIInterfaceOrientationLandscapeLeft UIInterfaceOrientationLandscapeRight";
				IPHONEOS_DEPLOYMENT_TARGET = 17.0;
				LD_RUNPATH_SEARCH_PATHS = (
					"$(inherited)",
					"@executable_path/Frameworks",
				);
				MARKETING_VERSION = 1.0;
				PRODUCT_BUNDLE_IDENTIFIER = com.vivekios.Directory;
				PRODUCT_NAME = "$(TARGET_NAME)";
				SWIFT_EMIT_LOC_STRINGS = YES;
				SWIFT_VERSION = 5.0;
				TARGETED_DEVICE_FAMILY = "1,2";
			};
			name = Release;
		};
		C2669C8E2A96AF750047F9E1 /* Debug */ = {
			isa = XCBuildConfiguration;
			buildSettings = {
				BUNDLE_LOADER = "$(TEST_HOST)";
				CODE_SIGN_STYLE = Automatic;
				CURRENT_PROJECT_VERSION = 1;
				DEVELOPMENT_TEAM = VYAJJN8S73;
				GENERATE_INFOPLIST_FILE = YES;
				MARKETING_VERSION = 1.0;
				PRODUCT_BUNDLE_IDENTIFIER = com.vivekios.DirectoryTests;
				PRODUCT_NAME = "$(TARGET_NAME)";
				SWIFT_EMIT_LOC_STRINGS = NO;
				SWIFT_VERSION = 5.0;
				TARGETED_DEVICE_FAMILY = "1,2";
				TEST_HOST = "$(BUILT_PRODUCTS_DIR)/Directory.app/$(BUNDLE_EXECUTABLE_FOLDER_PATH)/Directory";
			};
			name = Debug;
		};
		C2669C8F2A96AF750047F9E1 /* Release */ = {
			isa = XCBuildConfiguration;
			buildSettings = {
				BUNDLE_LOADER = "$(TEST_HOST)";
				CODE_SIGN_STYLE = Automatic;
				CURRENT_PROJECT_VERSION = 1;
				DEVELOPMENT_TEAM = VYAJJN8S73;
				GENERATE_INFOPLIST_FILE = YES;
				MARKETING_VERSION = 1.0;
				PRODUCT_BUNDLE_IDENTIFIER = com.vivekios.DirectoryTests;
				PRODUCT_NAME = "$(TARGET_NAME)";
				SWIFT_EMIT_LOC_STRINGS = NO;
				SWIFT_VERSION = 5.0;
				TARGETED_DEVICE_FAMILY = "1,2";
				TEST_HOST = "$(BUILT_PRODUCTS_DIR)/Directory.app/$(BUNDLE_EXECUTABLE_FOLDER_PATH)/Directory";
			};
			name = Release;
		};
/* End XCBuildConfiguration section */

/* Begin XCConfigurationList section */
		C2148F542A88C570006B0187 /* Build configuration list for PBXProject "Directory" */ = {
			isa = XCConfigurationList;
			buildConfigurations = (
				C2148F652A88C572006B0187 /* Debug */,
				C2148F662A88C572006B0187 /* Release */,
			);
			defaultConfigurationIsVisible = 0;
			defaultConfigurationName = Release;
		};
		C2148F672A88C572006B0187 /* Build configuration list for PBXNativeTarget "Directory" */ = {
			isa = XCConfigurationList;
			buildConfigurations = (
				C2148F682A88C572006B0187 /* Debug */,
				C2148F692A88C572006B0187 /* Release */,
			);
			defaultConfigurationIsVisible = 0;
			defaultConfigurationName = Release;
		};
		C2669C902A96AF750047F9E1 /* Build configuration list for PBXNativeTarget "DirectoryTests" */ = {
			isa = XCConfigurationList;
			buildConfigurations = (
				C2669C8E2A96AF750047F9E1 /* Debug */,
				C2669C8F2A96AF750047F9E1 /* Release */,
			);
			defaultConfigurationIsVisible = 0;
			defaultConfigurationName = Release;
		};
/* End XCConfigurationList section */

/* Begin XCRemoteSwiftPackageReference section */
		C20D73252C5C1B3E008252DE /* XCRemoteSwiftPackageReference "swift-concurrency-extras" */ = {
			isa = XCRemoteSwiftPackageReference;
			repositoryURL = "https://github.com/pointfreeco/swift-concurrency-extras.git";
			requirement = {
				kind = exactVersion;
				version = 1.1.0;
			};
		};
/* End XCRemoteSwiftPackageReference section */
	};
	rootObject = C2148F512A88C570006B0187 /* Project object */;
}
